dependencies:
- name: argo-cd
  repository: https://argoproj.github.io/argo-helm
  version: 3.29.5
- name: ingress-nginx
  repository: https://kubernetes.github.io/ingress-nginx
  version: 4.0.13
- name: sealed-secrets
  repository: https://bitnami-labs.github.io/sealed-secrets
  version: 2.0.2
- name: cert-manager
  repository: https://charts.jetstack.io
  version: v1.6.1
digest: sha256:de8e1e53eb7e4f94e6c59effc489ebdcc55e00eca4a301b0c979d71630162564
generated: "2022-01-10T14:51:33.048068349Z"
